
Microsoft Visual Studio Solution File, Format Version 12.00
# Visual Studio Version 17
VisualStudioVersion = 17.0.31903.59
MinimumVisualStudioVersion = 10.0.40219.1
Project("{2150E333-8FDC-42A3-9474-1A3956D46DE8}") = "src", "src", "{6903622C-1238-4934-910D-70B61A1EACC2}"
EndProject
Project("{FAE04EC0-301F-11D3-BF4B-00C04F79EFBC}") = "RouteOptimizer.Core", "src\RouteOptimizer.Core\RouteOptimizer.Core.csproj", "{0DF20CE4-21E5-4399-97EF-A90AD219DDBA}"
EndProject
Project("{FAE04EC0-301F-11D3-BF4B-00C04F79EFBC}") = "RouteOptimizer.Data", "src\RouteOptimizer.Data\RouteOptimizer.Data.csproj", "{C1AF8534-204A-4087-AEF3-B6E3C947BBB6}"
EndProject
Project("{FAE04EC0-301F-11D3-BF4B-00C04F79EFBC}") = "RouteOptimizer.Algorithm", "src\RouteOptimizer.Algorithm\RouteOptimizer.Algorithm.csproj", "{F97BE2E9-2DB3-47CF-BAE0-D6B217BED4FF}"
EndProject
Project("{2150E333-8FDC-42A3-9474-1A3956D46DE8}") = "tests", "tests", "{5A903354-B2C5-49AA-ADEA-223704ABB736}"
EndProject
Project("{FAE04EC0-301F-11D3-BF4B-00C04F79EFBC}") = "RouteOptimizer.Tests", "tests\RouteOptimizer.Tests\RouteOptimizer.Tests.csproj", "{F1813FE0-EB10-4346-A80B-DE6893BF5323}"
EndProject
Project("{FAE04EC0-301F-11D3-BF4B-00C04F79EFBC}") = "RouteOptimizer.Data.Tests", "tests\RouteOptimizer.Data.Tests\RouteOptimizer.Data.Tests.csproj", "{F84B2560-2B15-49C1-91F1-0DECEA9B00B5}"
EndProject
Project("{FAE04EC0-301F-11D3-BF4B-00C04F79EFBC}") = "RouteOptimizer.Algorithm.Tests", "tests\RouteOptimizer.Algorithm.Tests\RouteOptimizer.Algorithm.Tests.csproj", "{4C24C862-7B97-4A0C-971F-C5C9B0141EEE}"
EndProject
Project("{FAE04EC0-301F-11D3-BF4B-00C04F79EFBC}") = "RouteOptimizer.Integration.Tests", "tests\RouteOptimizer.Integration.Tests\RouteOptimizer.Integration.Tests.csproj", "{76FB9A17-9F9C-4E43-BE70-D40A18D4EE9D}"
EndProject
Project("{2150E333-8FDC-42A3-9474-1A3956D46DE8}") = "lambda", "lambda", "{3B75826A-D2E2-4B85-8BFF-2E1EA0B32D43}"
EndProject
Project("{FAE04EC0-301F-11D3-BF4B-00C04F79EFBC}") = "RouteOptimizer.Lambda", "lambda\RouteOptimizer.Lambda\RouteOptimizer.Lambda.csproj", "{548E9901-D0B9-4866-A897-F12E213DE9B4}"
EndProject
Project("{FAE04EC0-301F-11D3-BF4B-00C04F79EFBC}") = "RouteOptimizer.Lambda.Tests", "lambda\RouteOptimizer.Lambda.Tests\RouteOptimizer.Lambda.Tests.csproj", "{C92C74D7-0CAC-4358-8C2B-556C6ED8DC88}"
EndProject
Project("{2150E333-8FDC-42A3-9474-1A3956D46DE8}") = "infrastructure", "infrastructure", "{1D3BC300-B8AE-42B8-A635-4E6EFED4728B}"
EndProject
Project("{2150E333-8FDC-42A3-9474-1A3956D46DE8}") = "cdk", "cdk", "{3CC9CBDC-5D96-4C66-966A-A78788314DD8}"
EndProject
Project("{FAE04EC0-301F-11D3-BF4B-00C04F79EFBC}") = "RouteOptimizer.Cdk", "infrastructure\cdk\RouteOptimizer.Cdk\RouteOptimizer.Cdk.csproj", "{9F036AAF-01FD-4AF7-A8A9-79575ADADDB0}"
EndProject
Global
	GlobalSection(SolutionConfigurationPlatforms) = preSolution
		Debug|Any CPU = Debug|Any CPU
		Release|Any CPU = Release|Any CPU
	EndGlobalSection
	GlobalSection(SolutionProperties) = preSolution
		HideSolutionNode = FALSE
	EndGlobalSection
	GlobalSection(ProjectConfigurationPlatforms) = postSolution
		{0DF20CE4-21E5-4399-97EF-A90AD219DDBA}.Debug|Any CPU.ActiveCfg = Debug|Any CPU
		{0DF20CE4-21E5-4399-97EF-A90AD219DDBA}.Debug|Any CPU.Build.0 = Debug|Any CPU
		{0DF20CE4-21E5-4399-97EF-A90AD219DDBA}.Release|Any CPU.ActiveCfg = Release|Any CPU
		{0DF20CE4-21E5-4399-97EF-A90AD219DDBA}.Release|Any CPU.Build.0 = Release|Any CPU
		{C1AF8534-204A-4087-AEF3-B6E3C947BBB6}.Debug|Any CPU.ActiveCfg = Debug|Any CPU
		{C1AF8534-204A-4087-AEF3-B6E3C947BBB6}.Debug|Any CPU.Build.0 = Debug|Any CPU
		{C1AF8534-204A-4087-AEF3-B6E3C947BBB6}.Release|Any CPU.ActiveCfg = Release|Any CPU
		{C1AF8534-204A-4087-AEF3-B6E3C947BBB6}.Release|Any CPU.Build.0 = Release|Any CPU
		{F97BE2E9-2DB3-47CF-BAE0-D6B217BED4FF}.Debug|Any CPU.ActiveCfg = Debug|Any CPU
		{F97BE2E9-2DB3-47CF-BAE0-D6B217BED4FF}.Debug|Any CPU.Build.0 = Debug|Any CPU
		{F97BE2E9-2DB3-47CF-BAE0-D6B217BED4FF}.Release|Any CPU.ActiveCfg = Release|Any CPU
		{F97BE2E9-2DB3-47CF-BAE0-D6B217BED4FF}.Release|Any CPU.Build.0 = Release|Any CPU
		{F1813FE0-EB10-4346-A80B-DE6893BF5323}.Debug|Any CPU.ActiveCfg = Debug|Any CPU
		{F1813FE0-EB10-4346-A80B-DE6893BF5323}.Debug|Any CPU.Build.0 = Debug|Any CPU
		{F1813FE0-EB10-4346-A80B-DE6893BF5323}.Release|Any CPU.ActiveCfg = Release|Any CPU
		{F1813FE0-EB10-4346-A80B-DE6893BF5323}.Release|Any CPU.Build.0 = Release|Any CPU
		{F84B2560-2B15-49C1-91F1-0DECEA9B00B5}.Debug|Any CPU.ActiveCfg = Debug|Any CPU
		{F84B2560-2B15-49C1-91F1-0DECEA9B00B5}.Debug|Any CPU.Build.0 = Debug|Any CPU
		{F84B2560-2B15-49C1-91F1-0DECEA9B00B5}.Release|Any CPU.ActiveCfg = Release|Any CPU
		{F84B2560-2B15-49C1-91F1-0DECEA9B00B5}.Release|Any CPU.Build.0 = Release|Any CPU
		{4C24C862-7B97-4A0C-971F-C5C9B0141EEE}.Debug|Any CPU.ActiveCfg = Debug|Any CPU
		{4C24C862-7B97-4A0C-971F-C5C9B0141EEE}.Debug|Any CPU.Build.0 = Debug|Any CPU
		{4C24C862-7B97-4A0C-971F-C5C9B0141EEE}.Release|Any CPU.ActiveCfg = Release|Any CPU
		{4C24C862-7B97-4A0C-971F-C5C9B0141EEE}.Release|Any CPU.Build.0 = Release|Any CPU
		{76FB9A17-9F9C-4E43-BE70-D40A18D4EE9D}.Debug|Any CPU.ActiveCfg = Debug|Any CPU
		{76FB9A17-9F9C-4E43-BE70-D40A18D4EE9D}.Debug|Any CPU.Build.0 = Debug|Any CPU
		{76FB9A17-9F9C-4E43-BE70-D40A18D4EE9D}.Release|Any CPU.ActiveCfg = Release|Any CPU
		{76FB9A17-9F9C-4E43-BE70-D40A18D4EE9D}.Release|Any CPU.Build.0 = Release|Any CPU
		{548E9901-D0B9-4866-A897-F12E213DE9B4}.Debug|Any CPU.ActiveCfg = Debug|Any CPU
		{548E9901-D0B9-4866-A897-F12E213DE9B4}.Debug|Any CPU.Build.0 = Debug|Any CPU
		{548E9901-D0B9-4866-A897-F12E213DE9B4}.Release|Any CPU.ActiveCfg = Release|Any CPU
		{548E9901-D0B9-4866-A897-F12E213DE9B4}.Release|Any CPU.Build.0 = Release|Any CPU
		{C92C74D7-0CAC-4358-8C2B-556C6ED8DC88}.Debug|Any CPU.ActiveCfg = Debug|Any CPU
		{C92C74D7-0CAC-4358-8C2B-556C6ED8DC88}.Debug|Any CPU.Build.0 = Debug|Any CPU
		{C92C74D7-0CAC-4358-8C2B-556C6ED8DC88}.Release|Any CPU.ActiveCfg = Release|Any CPU
		{C92C74D7-0CAC-4358-8C2B-556C6ED8DC88}.Release|Any CPU.Build.0 = Release|Any CPU
		{9F036AAF-01FD-4AF7-A8A9-79575ADADDB0}.Debug|Any CPU.ActiveCfg = Debug|Any CPU
		{9F036AAF-01FD-4AF7-A8A9-79575ADADDB0}.Debug|Any CPU.Build.0 = Debug|Any CPU
		{9F036AAF-01FD-4AF7-A8A9-79575ADADDB0}.Release|Any CPU.ActiveCfg = Release|Any CPU
		{9F036AAF-01FD-4AF7-A8A9-79575ADADDB0}.Release|Any CPU.Build.0 = Release|Any CPU
	EndGlobalSection
	GlobalSection(NestedProjects) = preSolution
		{0DF20CE4-21E5-4399-97EF-A90AD219DDBA} = {6903622C-1238-4934-910D-70B61A1EACC2}
		{C1AF8534-204A-4087-AEF3-B6E3C947BBB6} = {6903622C-1238-4934-910D-70B61A1EACC2}
		{F97BE2E9-2DB3-47CF-BAE0-D6B217BED4FF} = {6903622C-1238-4934-910D-70B61A1EACC2}
		{F1813FE0-EB10-4346-A80B-DE6893BF5323} = {5A903354-B2C5-49AA-ADEA-223704ABB736}
		{F84B2560-2B15-49C1-91F1-0DECEA9B00B5} = {5A903354-B2C5-49AA-ADEA-223704ABB736}
		{4C24C862-7B97-4A0C-971F-C5C9B0141EEE} = {5A903354-B2C5-49AA-ADEA-223704ABB736}
		{76FB9A17-9F9C-4E43-BE70-D40A18D4EE9D} = {5A903354-B2C5-49AA-ADEA-223704ABB736}
		{548E9901-D0B9-4866-A897-F12E213DE9B4} = {3B75826A-D2E2-4B85-8BFF-2E1EA0B32D43}
		{C92C74D7-0CAC-4358-8C2B-556C6ED8DC88} = {3B75826A-D2E2-4B85-8BFF-2E1EA0B32D43}
		{3CC9CBDC-5D96-4C66-966A-A78788314DD8} = {1D3BC300-B8AE-42B8-A635-4E6EFED4728B}
		{9F036AAF-01FD-4AF7-A8A9-79575ADADDB0} = {3CC9CBDC-5D96-4C66-966A-A78788314DD8}
	EndGlobalSection
EndGlobal
